
Microsoft Visual Studio Solution File, Format Version 12.00
# Visual Studio Version 17
VisualStudioVersion = 17.8.34316.72
MinimumVisualStudioVersion = 10.0.40219.1
Project("{888888A0-9F3D-457C-B088-3A5042F75D52}") = "lab4", "lab4.pyproj", "{7BAF0CA6-04F8-497F-B1F2-A29C6ABC3541}"
EndProject
Global
	GlobalSection(SolutionConfigurationPlatforms) = preSolution
		Debug|Any CPU = Debug|Any CPU
		Release|Any CPU = Release|Any CPU
	EndGlobalSection
	GlobalSection(ProjectConfigurationPlatforms) = postSolution
		{7BAF0CA6-04F8-497F-B1F2-A29C6ABC3541}.Debug|Any CPU.ActiveCfg = Debug|Any CPU
		{7BAF0CA6-04F8-497F-B1F2-A29C6ABC3541}.Release|Any CPU.ActiveCfg = Release|Any CPU
	EndGlobalSection
	GlobalSection(SolutionProperties) = preSolution
		HideSolutionNode = FALSE
	EndGlobalSection
	GlobalSection(ExtensibilityGlobals) = postSolution
		SolutionGuid = {64349315-F5A4-4931-9806-2DCBBA1C3545}
	EndGlobalSection
EndGlobal
