
Microsoft Visual Studio Solution File, Format Version 12.00
# Visual Studio Version 17
VisualStudioVersion = 17.8.34316.72
MinimumVisualStudioVersion = 10.0.40219.1
Project("{888888A0-9F3D-457C-B088-3A5042F75D52}") = "Lab3", "PythonApplication1\Lab3.pyproj", "{0EA971DB-E26A-471B-845D-28DA09B906FD}"
EndProject
Global
	GlobalSection(SolutionConfigurationPlatforms) = preSolution
		Debug|Any CPU = Debug|Any CPU
		Release|Any CPU = Release|Any CPU
	EndGlobalSection
	GlobalSection(ProjectConfigurationPlatforms) = postSolution
		{0EA971DB-E26A-471B-845D-28DA09B906FD}.Debug|Any CPU.ActiveCfg = Debug|Any CPU
		{0EA971DB-E26A-471B-845D-28DA09B906FD}.Release|Any CPU.ActiveCfg = Release|Any CPU
	EndGlobalSection
	GlobalSection(SolutionProperties) = preSolution
		HideSolutionNode = FALSE
	EndGlobalSection
	GlobalSection(ExtensibilityGlobals) = postSolution
		SolutionGuid = {559B3BE2-A168-4548-AD2E-EA8887DACA1B}
	EndGlobalSection
EndGlobal
